<Solution>
  <Project Path="UserManagement.API/UserManagement.API.csproj" />
  <Project Path="UserManagement.Core/UserManagement.Core.csproj" />
  <Project Path="UserManagement.Data/UserManagement.Data.csproj" />
  <Project Path="UserManagement.Services/UserManagement.Services.csproj" />
</Solution>
